
Microsoft Visual Studio Solution File, Format Version 12.00
Project("{FAE04EC0-301F-11D3-BF4B-00C04F79EFBC}") = "SpeditionApp", "SpeditionApp\SpeditionApp.csproj", "{1152E797-BC38-40F8-9D7E-FEBE4D56A76D}"
EndProject
Project("{FAE04EC0-301F-11D3-BF4B-00C04F79EFBC}") = "SpeditionAppTests", "SpeditionAppTests\SpeditionAppTests.csproj", "{D4E1560B-B99F-4417-85F2-FF0A3BC225CC}"
EndProject
Global
	GlobalSection(SolutionConfigurationPlatforms) = preSolution
		Debug|Any CPU = Debug|Any CPU
		Release|Any CPU = Release|Any CPU
	EndGlobalSection
	GlobalSection(ProjectConfigurationPlatforms) = postSolution
		{1152E797-BC38-40F8-9D7E-FEBE4D56A76D}.Debug|Any CPU.ActiveCfg = Debug|Any CPU
		{1152E797-BC38-40F8-9D7E-FEBE4D56A76D}.Debug|Any CPU.Build.0 = Debug|Any CPU
		{1152E797-BC38-40F8-9D7E-FEBE4D56A76D}.Release|Any CPU.ActiveCfg = Release|Any CPU
		{1152E797-BC38-40F8-9D7E-FEBE4D56A76D}.Release|Any CPU.Build.0 = Release|Any CPU
		{D4E1560B-B99F-4417-85F2-FF0A3BC225CC}.Debug|Any CPU.ActiveCfg = Debug|Any CPU
		{D4E1560B-B99F-4417-85F2-FF0A3BC225CC}.Debug|Any CPU.Build.0 = Debug|Any CPU
		{D4E1560B-B99F-4417-85F2-FF0A3BC225CC}.Release|Any CPU.ActiveCfg = Release|Any CPU
		{D4E1560B-B99F-4417-85F2-FF0A3BC225CC}.Release|Any CPU.Build.0 = Release|Any CPU
	EndGlobalSection
EndGlobal
